<?xml version="1.0" encoding="utf-8"?>
<Project ToolsVersion="4.0" xmlns="http://schemas.microsoft.com/developer/msbuild/2003">
  <ItemGroup>
    <Filter Include="源文件">
      <UniqueIdentifier>{4FC737F1-C7A5-4376-A066-2A32D752A2FF}</UniqueIdentifier>
      <Extensions>cpp;c;cc;cxx;def;odl;idl;hpj;bat;asm;asmx</Extensions>
    </Filter>
    <Filter Include="头文件">
      <UniqueIdentifier>{93995380-89BD-4b04-88EB-625FBE52EBFB}</UniqueIdentifier>
      <Extensions>h;hh;hpp;hxx;hm;inl;inc;xsd</Extensions>
    </Filter>
    <Filter Include="资源文件">
      <UniqueIdentifier>{67DA6AB6-F800-4c08-8B7A-83BB121AAD01}</UniqueIdentifier>
      <Extensions>rc;ico;cur;bmp;dlg;rc2;rct;bin;rgs;gif;jpg;jpeg;jpe;resx;tiff;tif;png;wav;mfcribbon-ms</Extensions>
    </Filter>
  </ItemGroup>
  <ItemGroup>
    <Text Include="ReadMe.txt" />
  </ItemGroup>
  <ItemGroup>
    <ClInclude Include="BUltrasonicExpansion.h">
      <Filter>头文件</Filter>
    </ClInclude>
    <ClInclude Include="BUltrasonicExpansionDlg.h">
      <Filter>头文件</Filter>
    </ClInclude>
    <ClInclude Include="stdafx.h">
      <Filter>头文件</Filter>
    </ClInclude>
    <ClInclude Include="targetver.h">
      <Filter>头文件</Filter>
    </ClInclude>
    <ClInclude Include="Resource.h">
      <Filter>头文件</Filter>
    </ClInclude>
    <ClInclude Include="AlxDVIView.h">
      <Filter>头文件</Filter>
    </ClInclude>
    <ClInclude Include="AlxImgView.h">
      <Filter>头文件</Filter>
    </ClInclude>
    <ClInclude Include="Common.h">
      <Filter>头文件</Filter>
    </ClInclude>
    <ClInclude Include="AlxView.h">
      <Filter>头文件</Filter>
    </ClInclude>
    <ClInclude Include="Persistence\TinyXml\tinyxml2.h">
      <Filter>头文件</Filter>
    </ClInclude>
    <ClInclude Include="Persistence\DBMiddleWare.h">
      <Filter>头文件</Filter>
    </ClInclude>
    <ClInclude Include="Persistence\XmlCustomizationInterface.h">
      <Filter>头文件</Filter>
    </ClInclude>
    <ClInclude Include="PatientInfo.h">
      <Filter>头文件</Filter>
    </ClInclude>
    <ClInclude Include="PatientInfoDlg.h">
      <Filter>头文件</Filter>
    </ClInclude>
    <ClInclude Include="RegPatientDlg.h">
      <Filter>头文件</Filter>
    </ClInclude>
    <ClInclude Include="PatientListDlg.h">
      <Filter>头文件</Filter>
    </ClInclude>
    <ClInclude Include="DataPersistence.h">
      <Filter>头文件</Filter>
    </ClInclude>
    <ClInclude Include="CommonFunction.h">
      <Filter>头文件</Filter>
    </ClInclude>
    <ClInclude Include="AlxHrTimer.h">
      <Filter>头文件</Filter>
    </ClInclude>
    <ClInclude Include="IVideoCapture.h">
      <Filter>头文件</Filter>
    </ClInclude>
    <ClInclude Include="OkiVideoCapture.h">
      <Filter>头文件</Filter>
    </ClInclude>
    <ClInclude Include="UsbVideoCapture.h">
      <Filter>头文件</Filter>
    </ClInclude>
    <ClInclude Include="VideoCaptureFactory.h">
      <Filter>头文件</Filter>
    </ClInclude>
    <ClInclude Include="VideoRecorder.h">
      <Filter>头文件</Filter>
    </ClInclude>
    <ClInclude Include="VideoRecordFormat.h">
      <Filter>头文件</Filter>
    </ClInclude>
    <ClInclude Include="JhOkiTransfer.h">
      <Filter>头文件</Filter>
    </ClInclude>
    <ClInclude Include="Mat2CDCConverter.h">
      <Filter>头文件</Filter>
    </ClInclude>
    <ClInclude Include="CDC2MatConverter.h">
      <Filter>头文件</Filter>
    </ClInclude>
    <ClInclude Include="SystemConfig.h">
      <Filter>头文件</Filter>
    </ClInclude>
    <ClInclude Include="VideoCaptureBase.h">
      <Filter>头文件</Filter>
    </ClInclude>
    <ClInclude Include="ImgRectSelectTipsDlg.h">
      <Filter>头文件</Filter>
    </ClInclude>
    <ClInclude Include="ImgRectScaleDlg.h">
      <Filter>头文件</Filter>
    </ClInclude>
  </ItemGroup>
  <ItemGroup>
    <ClCompile Include="BUltrasonicExpansion.cpp">
      <Filter>源文件</Filter>
    </ClCompile>
    <ClCompile Include="BUltrasonicExpansionDlg.cpp">
      <Filter>源文件</Filter>
    </ClCompile>
    <ClCompile Include="stdafx.cpp">
      <Filter>源文件</Filter>
    </ClCompile>
    <ClCompile Include="AlxDVIView.cpp">
      <Filter>源文件</Filter>
    </ClCompile>
    <ClCompile Include="AlxImgView.cpp">
      <Filter>源文件</Filter>
    </ClCompile>
    <ClCompile Include="AlxView.cpp">
      <Filter>源文件</Filter>
    </ClCompile>
    <ClCompile Include="Persistence\TinyXml\tinyxml2.cpp">
      <Filter>源文件</Filter>
    </ClCompile>
    <ClCompile Include="Persistence\DBMiddleWare.cpp">
      <Filter>源文件</Filter>
    </ClCompile>
    <ClCompile Include="Persistence\XmlCustomizationInterface.cpp">
      <Filter>源文件</Filter>
    </ClCompile>
    <ClCompile Include="PatientInfo.cpp">
      <Filter>源文件</Filter>
    </ClCompile>
    <ClCompile Include="PatientInfoDlg.cpp">
      <Filter>源文件</Filter>
    </ClCompile>
    <ClCompile Include="RegPatientDlg.cpp">
      <Filter>源文件</Filter>
    </ClCompile>
    <ClCompile Include="PatientListDlg.cpp">
      <Filter>源文件</Filter>
    </ClCompile>
    <ClCompile Include="DataPersistence.cpp">
      <Filter>源文件</Filter>
    </ClCompile>
    <ClCompile Include="CommonFunction.cpp">
      <Filter>源文件</Filter>
    </ClCompile>
    <ClCompile Include="AlxHrTimer.cpp">
      <Filter>源文件</Filter>
    </ClCompile>
    <ClCompile Include="OkiVideoCapture.cpp">
      <Filter>源文件</Filter>
    </ClCompile>
    <ClCompile Include="UsbVideoCapture.cpp">
      <Filter>源文件</Filter>
    </ClCompile>
    <ClCompile Include="VideoCaptureFactory.cpp">
      <Filter>源文件</Filter>
    </ClCompile>
    <ClCompile Include="VideoRecorder.cpp">
      <Filter>源文件</Filter>
    </ClCompile>
    <ClCompile Include="Mat2CDCConverter.cpp">
      <Filter>源文件</Filter>
    </ClCompile>
    <ClCompile Include="CDC2MatConverter.cpp">
      <Filter>源文件</Filter>
    </ClCompile>
    <ClCompile Include="SystemConfig.cpp">
      <Filter>源文件</Filter>
    </ClCompile>
    <ClCompile Include="VideoCaptureBase.cpp">
      <Filter>源文件</Filter>
    </ClCompile>
    <ClCompile Include="ImgRectSelectTipsDlg.cpp">
      <Filter>源文件</Filter>
    </ClCompile>
    <ClCompile Include="ImgRectScaleDlg.cpp">
      <Filter>源文件</Filter>
    </ClCompile>
  </ItemGroup>
  <ItemGroup>
    <ResourceCompile Include="BUltrasonicExpansion.rc">
      <Filter>资源文件</Filter>
    </ResourceCompile>
  </ItemGroup>
  <ItemGroup>
    <None Include="res\BUltrasonicExpansion.rc2">
      <Filter>资源文件</Filter>
    </None>
  </ItemGroup>
  <ItemGroup>
    <Image Include="res\BUltrasonicExpansion.ico">
      <Filter>资源文件</Filter>
    </Image>
  </ItemGroup>
</Project>